
Microsoft Visual Studio Solution File, Format Version 12.00
# Visual Studio 15
VisualStudioVersion = 15.0.27703.2035
MinimumVisualStudioVersion = 10.0.40219.1
Project("{FAE04EC0-301F-11D3-BF4B-00C04F79EFBC}") = "Game", "Game\Game.csproj", "{20A1CB7B-9BDC-459C-961F-9E9A991A0775}"
EndProject
Project("{FAE04EC0-301F-11D3-BF4B-00C04F79EFBC}") = "UnitTest", "TicTacToeTests\UnitTest.csproj", "{BBB83B4B-37CD-45F3-B19C-413BD9746823}"
EndProject
Global
	GlobalSection(SolutionConfigurationPlatforms) = preSolution
		Debug|Any CPU = Debug|Any CPU
		Release|Any CPU = Release|Any CPU
	EndGlobalSection
	GlobalSection(ProjectConfigurationPlatforms) = postSolution
		{20A1CB7B-9BDC-459C-961F-9E9A991A0775}.Debug|Any CPU.ActiveCfg = Debug|Any CPU
		{20A1CB7B-9BDC-459C-961F-9E9A991A0775}.Debug|Any CPU.Build.0 = Debug|Any CPU
		{20A1CB7B-9BDC-459C-961F-9E9A991A0775}.Release|Any CPU.ActiveCfg = Release|Any CPU
		{20A1CB7B-9BDC-459C-961F-9E9A991A0775}.Release|Any CPU.Build.0 = Release|Any CPU
		{BBB83B4B-37CD-45F3-B19C-413BD9746823}.Debug|Any CPU.ActiveCfg = Debug|Any CPU
		{BBB83B4B-37CD-45F3-B19C-413BD9746823}.Debug|Any CPU.Build.0 = Debug|Any CPU
		{BBB83B4B-37CD-45F3-B19C-413BD9746823}.Release|Any CPU.ActiveCfg = Release|Any CPU
		{BBB83B4B-37CD-45F3-B19C-413BD9746823}.Release|Any CPU.Build.0 = Release|Any CPU
	EndGlobalSection
	GlobalSection(SolutionProperties) = preSolution
		HideSolutionNode = FALSE
	EndGlobalSection
	GlobalSection(ExtensibilityGlobals) = postSolution
		SolutionGuid = {875A4A43-CCFA-4393-A1EF-1D75BBF2B213}
	EndGlobalSection
EndGlobal
